
Microsoft Visual Studio Solution File, Format Version 12.00
# Visual Studio Version 18
VisualStudioVersion = 18.9.12120.119 stable
MinimumVisualStudioVersion = 10.0.40219.1
Project("{54A90642-561A-4BB1-A94E-469ADEE60C69}") = "ecommerceafternoon.client", "ecommerceafternoon.client\ecommerceafternoon.client.esproj", "{00392197-F83C-980F-2B92-7D602AF6D5BB}"
EndProject
Project("{FAE04EC0-301F-11D3-BF4B-00C04F79EFBC}") = "ECommerceAfternoon.Server", "ECommerceAfternoon.Server\ECommerceAfternoon.Server.csproj", "{FA7B0C05-77E2-4408-893E-A6A27766DA80}"
EndProject
Project("{FAE04EC0-301F-11D3-BF4B-00C04F79EFBC}") = "ECommerce.Test", "Ecommerce.Test\ECommerce.Test.csproj", "{147A74F8-1E36-4A82-8B42-92515ED40FAA}"
EndProject
Global
	GlobalSection(SolutionConfigurationPlatforms) = preSolution
		Debug|Any CPU = Debug|Any CPU
		Release|Any CPU = Release|Any CPU
	EndGlobalSection
	GlobalSection(ProjectConfigurationPlatforms) = postSolution
		{00392197-F83C-980F-2B92-7D602AF6D5BB}.Debug|Any CPU.ActiveCfg = Debug|Any CPU
		{00392197-F83C-980F-2B92-7D602AF6D5BB}.Debug|Any CPU.Build.0 = Debug|Any CPU
		{00392197-F83C-980F-2B92-7D602AF6D5BB}.Debug|Any CPU.Deploy.0 = Debug|Any CPU
		{00392197-F83C-980F-2B92-7D602AF6D5BB}.Release|Any CPU.ActiveCfg = Release|Any CPU
		{00392197-F83C-980F-2B92-7D602AF6D5BB}.Release|Any CPU.Build.0 = Release|Any CPU
		{00392197-F83C-980F-2B92-7D602AF6D5BB}.Release|Any CPU.Deploy.0 = Release|Any CPU
		{FA7B0C05-77E2-4408-893E-A6A27766DA80}.Debug|Any CPU.ActiveCfg = Debug|Any CPU
		{FA7B0C05-77E2-4408-893E-A6A27766DA80}.Debug|Any CPU.Build.0 = Debug|Any CPU
		{FA7B0C05-77E2-4408-893E-A6A27766DA80}.Release|Any CPU.ActiveCfg = Release|Any CPU
		{FA7B0C05-77E2-4408-893E-A6A27766DA80}.Release|Any CPU.Build.0 = Release|Any CPU
		{147A74F8-1E36-4A82-8B42-92515ED40FAA}.Debug|Any CPU.ActiveCfg = Debug|Any CPU
		{147A74F8-1E36-4A82-8B42-92515ED40FAA}.Debug|Any CPU.Build.0 = Debug|Any CPU
		{147A74F8-1E36-4A82-8B42-92515ED40FAA}.Release|Any CPU.ActiveCfg = Release|Any CPU
		{147A74F8-1E36-4A82-8B42-92515ED40FAA}.Release|Any CPU.Build.0 = Release|Any CPU
	EndGlobalSection
	GlobalSection(SolutionProperties) = preSolution
		HideSolutionNode = FALSE
	EndGlobalSection
	GlobalSection(ExtensibilityGlobals) = postSolution
		SolutionGuid = {01F9AD7E-D230-45BA-951D-A0DD47ACFFAC}
	EndGlobalSection
EndGlobal
